
Microsoft Visual Studio Solution File, Format Version 12.00
# Visual Studio Version 17
VisualStudioVersion = 17.4.33213.308
MinimumVisualStudioVersion = 10.0.40219.1
Project("{FAE04EC0-301F-11D3-BF4B-00C04F79EFBC}") = "SlideShowCreator", "SlideShowCreator.csproj", "{9BACBC2A-BAEB-47D3-BDFB-D8C50B0AAD5B}"
EndProject
Global
	GlobalSection(SolutionConfigurationPlatforms) = preSolution
		Debug|Any CPU = Debug|Any CPU
		Release|Any CPU = Release|Any CPU
	EndGlobalSection
	GlobalSection(ProjectConfigurationPlatforms) = postSolution
		{9BACBC2A-BAEB-47D3-BDFB-D8C50B0AAD5B}.Debug|Any CPU.ActiveCfg = Debug|Any CPU
		{9BACBC2A-BAEB-47D3-BDFB-D8C50B0AAD5B}.Debug|Any CPU.Build.0 = Debug|Any CPU
		{9BACBC2A-BAEB-47D3-BDFB-D8C50B0AAD5B}.Release|Any CPU.ActiveCfg = Release|Any CPU
		{9BACBC2A-BAEB-47D3-BDFB-D8C50B0AAD5B}.Release|Any CPU.Build.0 = Release|Any CPU
	EndGlobalSection
	GlobalSection(SolutionProperties) = preSolution
		HideSolutionNode = FALSE
	EndGlobalSection
	GlobalSection(ExtensibilityGlobals) = postSolution
		SolutionGuid = {50787D26-A1FE-4BC2-8CAB-5CE1C9C07812}
	EndGlobalSection
EndGlobal
