
Microsoft Visual Studio Solution File, Format Version 12.00
# Visual Studio Version 17
VisualStudioVersion = 17.4.33213.308
MinimumVisualStudioVersion = 10.0.40219.1
Project("{9A19103F-16F7-4668-BE54-9A1E7A4F7556}") = "IntroForm", "IntroForm.csproj", "{49DF3471-5CCD-4E6A-ACD8-6FF177565526}"
EndProject
Project("{54435603-DBB4-11D2-8724-00A0C9A8B90C}") = "SlideShowCreator", "..\SlideShowCreator\SlideShowCreator.vdproj", "{CD65C7EC-4E9E-42B8-A6AF-8FDDEEB6D429}"
EndProject
Global
	GlobalSection(SolutionConfigurationPlatforms) = preSolution
		Debug|Any CPU = Debug|Any CPU
		Release|Any CPU = Release|Any CPU
	EndGlobalSection
	GlobalSection(ProjectConfigurationPlatforms) = postSolution
		{49DF3471-5CCD-4E6A-ACD8-6FF177565526}.Debug|Any CPU.ActiveCfg = Debug|Any CPU
		{49DF3471-5CCD-4E6A-ACD8-6FF177565526}.Debug|Any CPU.Build.0 = Debug|Any CPU
		{49DF3471-5CCD-4E6A-ACD8-6FF177565526}.Release|Any CPU.ActiveCfg = Release|Any CPU
		{49DF3471-5CCD-4E6A-ACD8-6FF177565526}.Release|Any CPU.Build.0 = Release|Any CPU
		{CD65C7EC-4E9E-42B8-A6AF-8FDDEEB6D429}.Debug|Any CPU.ActiveCfg = Debug
		{CD65C7EC-4E9E-42B8-A6AF-8FDDEEB6D429}.Release|Any CPU.ActiveCfg = Release
	EndGlobalSection
	GlobalSection(SolutionProperties) = preSolution
		HideSolutionNode = FALSE
	EndGlobalSection
	GlobalSection(ExtensibilityGlobals) = postSolution
		SolutionGuid = {DB54CBA9-62F1-4B29-B2CC-B11131C118FD}
	EndGlobalSection
EndGlobal
